# This file is automatically @generated by Cargo.
# It is not intended for manual editing.
version = 4

[[package]]
name = "bitflags"
version = "2.9.0"
source = "registry+https://github.com/rust-lang/crates.io-index"
checksum = "5c8214115b7bf84099f1309324e63141d4c5d7cc26862f97a0a857dbefe165bd"

[[package]]
name = "facet"
version = "0.18.5"
source = "registry+https://github.com/rust-lang/crates.io-index"
checksum = "6296826185423924dc09b8baaa7f57f4b9545e693880ced4a53edd14b51698bf"
dependencies = [
 "facet-core",
 "facet-derive",
 "static_assertions",
]

[[package]]
name = "facet-core"
version = "0.21.0"
source = "registry+https://github.com/rust-lang/crates.io-index"
checksum = "1831732f1eda48d9e71f60a805157964b0a2805e40663cd3a8ece39fe5ef3ffa"
dependencies = [
 "bitflags",
 "impls",
]

[[package]]
name = "facet-derive"
version = "0.18.5"
source = "registry+https://github.com/rust-lang/crates.io-index"
checksum = "5d41b362a5c9316e1b7e537812bbc62aeabb158634ffdbc315bce653b5cec02c"
dependencies = [
 "facet-core",
 "facet-derive-emit",
]

[[package]]
name = "facet-derive-emit"
version = "0.20.1"
source = "registry+https://github.com/rust-lang/crates.io-index"
checksum = "a323d832568c6d9278c691390826fd2eba0403b5b92f8406a8ab75f1b59ee02d"
dependencies = [
 "facet-derive-parse",
 "quote",
]

[[package]]
name = "facet-derive-parse"
version = "0.22.0"
source = "registry+https://github.com/rust-lang/crates.io-index"
checksum = "76375e33eaa50670e49213a4f99b82c770fc27625715a3de80489e72573ecd02"
dependencies = [
 "unsynn",
]

[[package]]
name = "facet-pretty"
version = "0.22.0"
source = "registry+https://github.com/rust-lang/crates.io-index"
checksum = "b4caeb6157e493ae18f8b5f540743ac01d5fe40e5fb19ce47955d1661181d685"
dependencies = [
 "facet-core",
 "facet-reflect",
 "yansi",
]

[[package]]
name = "facet-reflect"
version = "0.19.0"
source = "registry+https://github.com/rust-lang/crates.io-index"
checksum = "51a5285ec716be3125065f71b9c1c8c2775dec17fbf226b0bd9b73120afae266"
dependencies = [
 "bitflags",
 "facet-core",
 "owo-colors",
]

[[package]]
name = "impls"
version = "1.0.3"
source = "registry+https://github.com/rust-lang/crates.io-index"
checksum = "7a46645bbd70538861a90d0f26c31537cdf1e44aae99a794fb75a664b70951bc"

[[package]]
name = "mutants"
version = "0.0.3"
source = "registry+https://github.com/rust-lang/crates.io-index"
checksum = "bc0287524726960e07b119cebd01678f852f147742ae0d925e6a520dca956126"

[[package]]
name = "owo-colors"
version = "4.2.0"
source = "registry+https://github.com/rust-lang/crates.io-index"
checksum = "1036865bb9422d3300cf723f657c2851d0e9ab12567854b1f4eba3d77decf564"

[[package]]
name = "proc-macro2"
version = "1.0.95"
source = "registry+https://github.com/rust-lang/crates.io-index"
checksum = "02b3e5e68a3a1a02aad3ec490a98007cbc13c37cbe84a3cd7b8e406d76e7f778"
dependencies = [
 "unicode-ident",
]

[[package]]
name = "quote"
version = "1.0.40"
source = "registry+https://github.com/rust-lang/crates.io-index"
checksum = "1885c039570dc00dcb4ff087a89e185fd56bae234ddc7f056a945bf36467248d"
dependencies = [
 "proc-macro2",
]

[[package]]
name = "shadow_counted"
version = "0.4.0"
source = "registry+https://github.com/rust-lang/crates.io-index"
checksum = "65da48d447333cebe1aadbdd3662f3ba56e76e67f53bc46f3dd5f67c74629d6b"

[[package]]
name = "static_assertions"
version = "1.1.0"
source = "registry+https://github.com/rust-lang/crates.io-index"
checksum = "a2eb9349b6444b326872e140eb1cf5e7c522154d69e7a0ffb0fb81c06b37543f"

[[package]]
name = "tenkan"
version = "0.1.0"
dependencies = [
 "facet",
 "facet-pretty",
]

[[package]]
name = "unicode-ident"
version = "1.0.18"
source = "registry+https://github.com/rust-lang/crates.io-index"
checksum = "5a5f39404a5da50712a4c1eecf25e90dd62b613502b7e925fd4e4d19b5c96512"

[[package]]
name = "unsynn"
version = "0.0.26"
source = "registry+https://github.com/rust-lang/crates.io-index"
checksum = "14013db4ac11f92d4df4b56edb431eab9c1d9f7aee4791f3205b6a1119b83f54"
dependencies = [
 "mutants",
 "proc-macro2",
 "shadow_counted",
]

[[package]]
name = "yansi"
version = "1.0.1"
source = "registry+https://github.com/rust-lang/crates.io-index"
checksum = "cfe53a6657fd280eaa890a3bc59152892ffa3e30101319d168b781ed6529b049"
